
Microsoft Visual Studio Solution File, Format Version 12.00
# Visual Studio Version 17
VisualStudioVersion = 17.8.34525.116
MinimumVisualStudioVersion = 10.0.40219.1
Project("{FAE04EC0-301F-11D3-BF4B-00C04F79EFBC}") = "AMS2SharedMemoryNet", "AMS2SharedMemoryNet\AMS2SharedMemoryNet.csproj", "{B8EE2169-4C45-489A-BE7A-BC1CDDD84CCA}"
EndProject
Global
	GlobalSection(SolutionConfigurationPlatforms) = preSolution
		Debug|Any CPU = Debug|Any CPU
		Release|Any CPU = Release|Any CPU
	EndGlobalSection
	GlobalSection(ProjectConfigurationPlatforms) = postSolution
		{B8EE2169-4C45-489A-BE7A-BC1CDDD84CCA}.Debug|Any CPU.ActiveCfg = Debug|Any CPU
		{B8EE2169-4C45-489A-BE7A-BC1CDDD84CCA}.Debug|Any CPU.Build.0 = Debug|Any CPU
		{B8EE2169-4C45-489A-BE7A-BC1CDDD84CCA}.Release|Any CPU.ActiveCfg = Release|Any CPU
		{B8EE2169-4C45-489A-BE7A-BC1CDDD84CCA}.Release|Any CPU.Build.0 = Release|Any CPU
	EndGlobalSection
	GlobalSection(SolutionProperties) = preSolution
		HideSolutionNode = FALSE
	EndGlobalSection
	GlobalSection(ExtensibilityGlobals) = postSolution
		SolutionGuid = {B2410127-18EE-40B2-8696-38D8BDA7A52A}
	EndGlobalSection
EndGlobal
